<Solution>
  <Project Path="ImportCFG/CfgCompLib.csproj">
    <Build Solution="Debug|*" Project="false" />
  </Project>
  <Project Path="LimitCGenerator/LimitCGenerator.csproj">
    <Build Solution="Debug|*" Project="false" />
  </Project>
  <Project Path="LimitCInterpreter/LimitCInterpreter.csproj">
    <Build Solution="Debug|*" Project="false" />
  </Project>
  <Project Path="LittleLearner/LittleLearner.csproj" />
</Solution>
